
Microsoft Visual Studio Solution File, Format Version 11.00
# Visual Studio 2010
Project("{FAE04EC0-301F-11D3-BF4B-00C04F79EFBC}") = "CookooOrc", "CookooOrc\CookooOrc.csproj", "{B77D3AE4-EA02-48AB-8FC9-A54CCCF24A4F}"
EndProject
Project("{FAE04EC0-301F-11D3-BF4B-00C04F79EFBC}") = "CookooMVCApp", "CookooMVCApp\CookooMVCApp.csproj", "{CD99A03F-1436-40EA-BC7C-9ABD91770DDE}"
EndProject
Project("{FAE04EC0-301F-11D3-BF4B-00C04F79EFBC}") = "CookooDAL", "CookooDAL\CookooDAL.csproj", "{0C2D1E01-4720-4381-A14C-5D67736F59F1}"
EndProject
Global
	GlobalSection(SolutionConfigurationPlatforms) = preSolution
		Debug|Any CPU = Debug|Any CPU
		Debug|Mixed Platforms = Debug|Mixed Platforms
		Debug|x86 = Debug|x86
		Release|Any CPU = Release|Any CPU
		Release|Mixed Platforms = Release|Mixed Platforms
		Release|x86 = Release|x86
	EndGlobalSection
	GlobalSection(ProjectConfigurationPlatforms) = postSolution
		{B77D3AE4-EA02-48AB-8FC9-A54CCCF24A4F}.Debug|Any CPU.ActiveCfg = Debug|Any CPU
		{B77D3AE4-EA02-48AB-8FC9-A54CCCF24A4F}.Debug|Any CPU.Build.0 = Debug|Any CPU
		{B77D3AE4-EA02-48AB-8FC9-A54CCCF24A4F}.Debug|Mixed Platforms.ActiveCfg = Debug|Any CPU
		{B77D3AE4-EA02-48AB-8FC9-A54CCCF24A4F}.Debug|Mixed Platforms.Build.0 = Debug|Any CPU
		{B77D3AE4-EA02-48AB-8FC9-A54CCCF24A4F}.Debug|x86.ActiveCfg = Debug|Any CPU
		{B77D3AE4-EA02-48AB-8FC9-A54CCCF24A4F}.Release|Any CPU.ActiveCfg = Release|Any CPU
		{B77D3AE4-EA02-48AB-8FC9-A54CCCF24A4F}.Release|Any CPU.Build.0 = Release|Any CPU
		{B77D3AE4-EA02-48AB-8FC9-A54CCCF24A4F}.Release|Mixed Platforms.ActiveCfg = Release|Any CPU
		{B77D3AE4-EA02-48AB-8FC9-A54CCCF24A4F}.Release|Mixed Platforms.Build.0 = Release|Any CPU
		{B77D3AE4-EA02-48AB-8FC9-A54CCCF24A4F}.Release|x86.ActiveCfg = Release|Any CPU
		{CD99A03F-1436-40EA-BC7C-9ABD91770DDE}.Debug|Any CPU.ActiveCfg = Debug|Any CPU
		{CD99A03F-1436-40EA-BC7C-9ABD91770DDE}.Debug|Any CPU.Build.0 = Debug|Any CPU
		{CD99A03F-1436-40EA-BC7C-9ABD91770DDE}.Debug|Mixed Platforms.ActiveCfg = Debug|Any CPU
		{CD99A03F-1436-40EA-BC7C-9ABD91770DDE}.Debug|Mixed Platforms.Build.0 = Debug|Any CPU
		{CD99A03F-1436-40EA-BC7C-9ABD91770DDE}.Debug|x86.ActiveCfg = Debug|Any CPU
		{CD99A03F-1436-40EA-BC7C-9ABD91770DDE}.Release|Any CPU.ActiveCfg = Release|Any CPU
		{CD99A03F-1436-40EA-BC7C-9ABD91770DDE}.Release|Any CPU.Build.0 = Release|Any CPU
		{CD99A03F-1436-40EA-BC7C-9ABD91770DDE}.Release|Mixed Platforms.ActiveCfg = Release|Any CPU
		{CD99A03F-1436-40EA-BC7C-9ABD91770DDE}.Release|Mixed Platforms.Build.0 = Release|Any CPU
		{CD99A03F-1436-40EA-BC7C-9ABD91770DDE}.Release|x86.ActiveCfg = Release|Any CPU
		{0C2D1E01-4720-4381-A14C-5D67736F59F1}.Debug|Any CPU.ActiveCfg = Debug|Any CPU
		{0C2D1E01-4720-4381-A14C-5D67736F59F1}.Debug|Any CPU.Build.0 = Debug|Any CPU
		{0C2D1E01-4720-4381-A14C-5D67736F59F1}.Debug|Mixed Platforms.ActiveCfg = Debug|Any CPU
		{0C2D1E01-4720-4381-A14C-5D67736F59F1}.Debug|Mixed Platforms.Build.0 = Debug|Any CPU
		{0C2D1E01-4720-4381-A14C-5D67736F59F1}.Debug|x86.ActiveCfg = Debug|Any CPU
		{0C2D1E01-4720-4381-A14C-5D67736F59F1}.Release|Any CPU.ActiveCfg = Release|Any CPU
		{0C2D1E01-4720-4381-A14C-5D67736F59F1}.Release|Any CPU.Build.0 = Release|Any CPU
		{0C2D1E01-4720-4381-A14C-5D67736F59F1}.Release|Mixed Platforms.ActiveCfg = Release|Any CPU
		{0C2D1E01-4720-4381-A14C-5D67736F59F1}.Release|Mixed Platforms.Build.0 = Release|Any CPU
		{0C2D1E01-4720-4381-A14C-5D67736F59F1}.Release|x86.ActiveCfg = Release|Any CPU
	EndGlobalSection
	GlobalSection(SolutionProperties) = preSolution
		HideSolutionNode = FALSE
	EndGlobalSection
EndGlobal
